{
  "name": "@luminarylabs/nodenet",
  "version": "0.3.0",
  "lockfileVersion": 3,
  "requires": true,
  "packages": {
    "": {
      "name": "@luminarylabs/nodenet",
      "version": "0.3.0",
      "license": "MIT",
      "bin": {
        "nodenet": "bin/nodenet.js"
      },
      "engines": {
        "node": ">=20"
      }
    }
  }
}
